# THIS IS AN AUTOGENERATED FILE. DO NOT EDIT THIS FILE DIRECTLY.
# yarn lockfile v1


event-target@^1.2.0:
  version "1.2.0"
  resolved "https://registry.npmjs.org/event-target/-/event-target-1.2.0.tgz#1e2f550e0a3c3924617cbdbc79feef2e171f19eb"

symbol-observable@^1.2.0:
  version "1.2.0"
  resolved "https://registry.npmjs.org/symbol-observable/-/symbol-observable-1.2.0.tgz#c22688aed4eab3cdc2dfeacbb561660560a00804"
